
Microsoft Visual Studio Solution File, Format Version 12.00
# Visual Studio 16
Project("{FAE04EC0-301F-11D3-BF4B-00C04F79EFBC}") = "Assembly-CSharp", "Assembly-CSharp.csproj", "{B2DBC422-DAA8-8D22-0761-5B4E50261404}"
EndProject
Project("{FAE04EC0-301F-11D3-BF4B-00C04F79EFBC}") = "Assembly-CSharp-Editor", "Assembly-CSharp-Editor.csproj", "{A86A1837-E23D-2304-E97E-9F12738FF702}"
EndProject
Global
	GlobalSection(SolutionConfigurationPlatforms) = preSolution
		Debug|Any CPU = Debug|Any CPU
		Release|Any CPU = Release|Any CPU
	EndGlobalSection
	GlobalSection(ProjectConfigurationPlatforms) = postSolution
		{B2DBC422-DAA8-8D22-0761-5B4E50261404}.Debug|Any CPU.ActiveCfg = Debug|Any CPU
		{B2DBC422-DAA8-8D22-0761-5B4E50261404}.Debug|Any CPU.Build.0 = Debug|Any CPU
		{B2DBC422-DAA8-8D22-0761-5B4E50261404}.Release|Any CPU.ActiveCfg = Release|Any CPU
		{B2DBC422-DAA8-8D22-0761-5B4E50261404}.Release|Any CPU.Build.0 = Release|Any CPU
		{A86A1837-E23D-2304-E97E-9F12738FF702}.Debug|Any CPU.ActiveCfg = Debug|Any CPU
		{A86A1837-E23D-2304-E97E-9F12738FF702}.Debug|Any CPU.Build.0 = Debug|Any CPU
		{A86A1837-E23D-2304-E97E-9F12738FF702}.Release|Any CPU.ActiveCfg = Release|Any CPU
		{A86A1837-E23D-2304-E97E-9F12738FF702}.Release|Any CPU.Build.0 = Release|Any CPU
	EndGlobalSection
	GlobalSection(SolutionProperties) = preSolution
		HideSolutionNode = FALSE
	EndGlobalSection
EndGlobal
